
Microsoft Visual Studio Solution File, Format Version 12.00
# Visual Studio Version 17
VisualStudioVersion = 17.6.33815.320
MinimumVisualStudioVersion = 10.0.40219.1
Project("{9A19103F-16F7-4668-BE54-9A1E7A4F7556}") = "Pokemon", "Pokemon\Pokemon.csproj", "{505E958A-2754-4D8E-A130-E0050A1B0CE5}"
EndProject
Project("{9A19103F-16F7-4668-BE54-9A1E7A4F7556}") = "Pokemon.Data", "Pokemon.Data\Pokemon.Data.csproj", "{C945C7B5-9597-4F60-A5AA-A29841614749}"
EndProject
Project("{9A19103F-16F7-4668-BE54-9A1E7A4F7556}") = "Pokemon.Models", "Pokemon.Models\Pokemon.Models.csproj", "{C54856D8-30E6-4959-8618-87DB28820FDE}"
EndProject
Project("{9A19103F-16F7-4668-BE54-9A1E7A4F7556}") = "Pokemon.Dtos", "Pokemon.Dtos\Pokemon.Dtos.csproj", "{ADE9AD83-AB26-47A4-A2D9-CD48608A2C50}"
EndProject
Project("{FAE04EC0-301F-11D3-BF4B-00C04F79EFBC}") = "Pokemon.Data.Tests", "Pokemon.Data.Tests\Pokemon.Data.Tests.csproj", "{1F7FFD90-AE67-4A64-9D39-C5F850199F9A}"
EndProject
Global
	GlobalSection(SolutionConfigurationPlatforms) = preSolution
		Debug|Any CPU = Debug|Any CPU
		Release|Any CPU = Release|Any CPU
	EndGlobalSection
	GlobalSection(ProjectConfigurationPlatforms) = postSolution
		{505E958A-2754-4D8E-A130-E0050A1B0CE5}.Debug|Any CPU.ActiveCfg = Debug|Any CPU
		{505E958A-2754-4D8E-A130-E0050A1B0CE5}.Debug|Any CPU.Build.0 = Debug|Any CPU
		{505E958A-2754-4D8E-A130-E0050A1B0CE5}.Release|Any CPU.ActiveCfg = Release|Any CPU
		{505E958A-2754-4D8E-A130-E0050A1B0CE5}.Release|Any CPU.Build.0 = Release|Any CPU
		{C945C7B5-9597-4F60-A5AA-A29841614749}.Debug|Any CPU.ActiveCfg = Debug|Any CPU
		{C945C7B5-9597-4F60-A5AA-A29841614749}.Debug|Any CPU.Build.0 = Debug|Any CPU
		{C945C7B5-9597-4F60-A5AA-A29841614749}.Release|Any CPU.ActiveCfg = Release|Any CPU
		{C945C7B5-9597-4F60-A5AA-A29841614749}.Release|Any CPU.Build.0 = Release|Any CPU
		{C54856D8-30E6-4959-8618-87DB28820FDE}.Debug|Any CPU.ActiveCfg = Debug|Any CPU
		{C54856D8-30E6-4959-8618-87DB28820FDE}.Debug|Any CPU.Build.0 = Debug|Any CPU
		{C54856D8-30E6-4959-8618-87DB28820FDE}.Release|Any CPU.ActiveCfg = Release|Any CPU
		{C54856D8-30E6-4959-8618-87DB28820FDE}.Release|Any CPU.Build.0 = Release|Any CPU
		{ADE9AD83-AB26-47A4-A2D9-CD48608A2C50}.Debug|Any CPU.ActiveCfg = Debug|Any CPU
		{ADE9AD83-AB26-47A4-A2D9-CD48608A2C50}.Debug|Any CPU.Build.0 = Debug|Any CPU
		{ADE9AD83-AB26-47A4-A2D9-CD48608A2C50}.Release|Any CPU.ActiveCfg = Release|Any CPU
		{ADE9AD83-AB26-47A4-A2D9-CD48608A2C50}.Release|Any CPU.Build.0 = Release|Any CPU
		{1F7FFD90-AE67-4A64-9D39-C5F850199F9A}.Debug|Any CPU.ActiveCfg = Debug|Any CPU
		{1F7FFD90-AE67-4A64-9D39-C5F850199F9A}.Debug|Any CPU.Build.0 = Debug|Any CPU
		{1F7FFD90-AE67-4A64-9D39-C5F850199F9A}.Release|Any CPU.ActiveCfg = Release|Any CPU
		{1F7FFD90-AE67-4A64-9D39-C5F850199F9A}.Release|Any CPU.Build.0 = Release|Any CPU
	EndGlobalSection
	GlobalSection(SolutionProperties) = preSolution
		HideSolutionNode = FALSE
	EndGlobalSection
	GlobalSection(ExtensibilityGlobals) = postSolution
		SolutionGuid = {F7C7B425-28CD-422B-BE76-151C51A4E0D1}
	EndGlobalSection
EndGlobal
